Microsoft Visual Studio Solution File, Format Version 12.00
# Visual Studio Version 17
VisualStudioVersion = 17.5.2.0
MinimumVisualStudioVersion = 10.0.40219.1
Project("{FAE04EC0-301F-11D3-BF4B-00C04F79EFBC}") = "ShipFleet", "ShipFleet\ShipFleet.csproj", "{6CF62E20-1F5A-7DB4-2F7E-61FDFAE7C782}"
EndProject
Global
	GlobalSection(SolutionConfigurationPlatforms) = preSolution
		Debug|Any CPU = Debug|Any CPU
		Release|Any CPU = Release|Any CPU
	EndGlobalSection
	GlobalSection(ProjectConfigurationPlatforms) = postSolution
		{6CF62E20-1F5A-7DB4-2F7E-61FDFAE7C782}.Debug|Any CPU.ActiveCfg = Debug|Any CPU
		{6CF62E20-1F5A-7DB4-2F7E-61FDFAE7C782}.Debug|Any CPU.Build.0 = Debug|Any CPU
		{6CF62E20-1F5A-7DB4-2F7E-61FDFAE7C782}.Release|Any CPU.ActiveCfg = Release|Any CPU
		{6CF62E20-1F5A-7DB4-2F7E-61FDFAE7C782}.Release|Any CPU.Build.0 = Release|Any CPU
	EndGlobalSection
	GlobalSection(SolutionProperties) = preSolution
		HideSolutionNode = FALSE
	EndGlobalSection
	GlobalSection(ExtensibilityGlobals) = postSolution
		SolutionGuid = {3C664A89-72EF-4433-95B0-9645F7A3F4F5}
	EndGlobalSection
EndGlobal
